schema: '2.0'
stages:
  preprocess:
    cmd: python src\data\preprocess.py --config=params.yaml
    params:
      params.yaml:
        base:
          random_state: 42
          log_level: INFO
        data_preprocess:
          data_raw_path: data/raw/Behavior of the urban traffic of the city of Sao
            Paulo in Brazil.csv
          data_preprocessed_path: data/preprocessed/preprocessed_data.csv
    outs:
    - path: data/preprocessed/preprocessed_data.csv
      hash: md5
      md5: 3e2887df9bf18a0844b1d2160b3001d0
      size: 6134
  process:
    cmd: python src\data\process.py --config=params.yaml
    deps:
    - path: data/preprocessed/preprocessed_data.csv
      hash: md5
      md5: 3e2887df9bf18a0844b1d2160b3001d0
      size: 6134
    - path: src\data\preprocess.py
      hash: md5
      md5: 08073680ea5bf4af14d0ee845e579cd0
      size: 1860
    params:
      params.yaml:
        base:
          random_state: 42
          log_level: INFO
        data_process:
          fill_na_method: mean
          data_processed_path: data/processed/processed_data.csv
          positions:
          - 0
          - 1
          - 2
          - 27
          - 28
          - 29
          - 54
          - 55
          - 56
          - 81
          - 82
          - 83
          - 108
          - 109
          - 110
          monday_position: 26
          tuesday_position: 53
          wednesday_position: 80
          thursday_position: 107
          friday_position: 134
    outs:
    - path: data/processed/processed_data.csv
      hash: md5
      md5: c6960dec1f580d77d8c0f21e161d6b01
      size: 6408
  split:
    cmd: python src\data\split.py --config=params.yaml
    deps:
    - path: data/processed/processed_data.csv
      hash: md5
      md5: c6960dec1f580d77d8c0f21e161d6b01
      size: 6408
    - path: src\data\process.py
      hash: md5
      md5: 0a21ea60889e3c68367ba8551bf3de1a
      size: 3234
    params:
      params.yaml:
        base:
          random_state: 42
          log_level: INFO
        data_split:
          test_size: 0.1
          data_train_path: data/split/train.csv
          data_test_path: data/split/test.csv
          stratify: hour_decoded
    outs:
    - path: data/split/test.csv
      hash: md5
      md5: 69c6488b6968ace0ef4a827d1cc77cdc
      size: 980
    - path: data/split/train.csv
      hash: md5
      md5: fee9c6186af23241a685ca544a1da71c
      size: 5780
  train:
    cmd: python src\model\train.py --config=params.yaml
    deps:
    - path: data/split/train.csv
      hash: md5
      md5: fee9c6186af23241a685ca544a1da71c
      size: 5780
    - path: src\data\split.py
      hash: md5
      md5: 69c56f38ba95985a14039236c1068491
      size: 1400
    params:
      params.yaml:
        base:
          random_state: 42
          log_level: INFO
        model:
          list_models:
          - LR
          - kNN
          - DTree
          - RF
          - XGBoost
          - SVR
          metrics:
          - neg_mean_squared_error
          - neg_mean_absolute_error
          - r2
          - neg_root_mean_squared_error
          target: slowness_in_traffic
          n_splits: 10
          n_repeats: 3
          optmise_metric: neg_root_mean_squared_error
          models_to_tune:
          - XGBoost
          - RF
          output_model_path: models/best_model.pkl
          model_params:
            LR: {}
            kNN:
              model__n_neighbors:
              - 3
              - 5
              - 7
              - 9
            DTree:
              model__max_depth:
              - 2
              - 3
              - 4
              model__min_samples_split:
              - 2
              - 5
              - 10
              model__max_features:
              - 3
              - 5
              - 7
            RF:
              model__n_estimators:
              - 5
              - 10
              - 20
              model__max_depth:
              - 2
              - 5
              - 10
            XGBoost:
              model__max_depth:
              - 1
              - 2
              - 3
              - 4
              model__learning_rate:
              - 0.03
              - 0.05
              model__subsample:
              - 0.1
              - 0.3
              - 0.5
              - 0.7
              - 1
            SVR:
              model__C:
              - 0.1
              - 1
              - 10
              model__epsilon:
              - 0.1
              - 0.2
              - 0.3
    outs:
    - path: models/best_model.pkl
      hash: md5
      md5: a6b1991c98ac9156fc39483e4448b481
      size: 135499
  evaluate:
    cmd: python src\evaluate\evaluate_model.py --config=params.yaml
    deps:
    - path: data/split/test.csv
      hash: md5
      md5: 69c6488b6968ace0ef4a827d1cc77cdc
      size: 980
    - path: models/best_model.pkl
      hash: md5
      md5: a6b1991c98ac9156fc39483e4448b481
      size: 135499
    - path: src\model\train.py
      hash: md5
      md5: 18df2d3817f34ffbf0f19aa7d9d38b75
      size: 5068
    params:
      params.yaml:
        base:
          random_state: 42
          log_level: INFO
        evaluate:
          output_fig_prediction_true_path: reports/figures/prediction_vs_true.png
          output_predictions_csv_path: reports/predictions/predictions.csv
          output_metrics_path: reports/metrics/metrics.json
    outs:
    - path: reports/figures/prediction_vs_true.png
      hash: md5
      md5: db24eabae12a1ea7cdd37aa0013791d1
      size: 36924
    - path: reports/metrics/metrics.json
      hash: md5
      md5: 0b32dad5ca6ed7d1fb023b66d9750f6c
      size: 99
